
Microsoft Visual Studio Solution File, Format Version 12.00
# Visual Studio Version 17
VisualStudioVersion = 17.6.33815.320
MinimumVisualStudioVersion = 10.0.40219.1
Project("{2150E333-8FDC-42A3-9474-1A3956D46DE8}") = "Services", "Services", "{608E9ACF-C993-413B-A8E7-3F0E8D059CB9}"
EndProject
Project("{2150E333-8FDC-42A3-9474-1A3956D46DE8}") = "Product", "Product", "{727C445C-AB67-40A7-8D0E-1DA787AAF85F}"
EndProject
Project("{9A19103F-16F7-4668-BE54-9A1E7A4F7556}") = "Product.API", "Services\Product\Product.API\Product.API.csproj", "{74E8D4D8-252F-4F68-AAAC-D4EDAC426427}"
EndProject
Project("{9A19103F-16F7-4668-BE54-9A1E7A4F7556}") = "Product.Domain", "Services\Product\Product.Domain\Product.Domain.csproj", "{0FF58911-C6ED-4616-94CC-0A184EA9BEED}"
EndProject
Project("{9A19103F-16F7-4668-BE54-9A1E7A4F7556}") = "Product.Application", "Services\Product\Product.Application\Product.Application.csproj", "{66E20EFD-AAEA-4123-A3BF-E763432DB13F}"
EndProject
Project("{9A19103F-16F7-4668-BE54-9A1E7A4F7556}") = "Product.Infrastructure", "Services\Product\Product.Infrastructure\Product.Infrastructure.csproj", "{D8401B50-0938-4F35-88C9-36E66092BA9A}"
EndProject
Project("{2150E333-8FDC-42A3-9474-1A3956D46DE8}") = "ShoppingCart", "ShoppingCart", "{A0845301-0C5B-4426-A765-DE07105AC69E}"
EndProject
Project("{9A19103F-16F7-4668-BE54-9A1E7A4F7556}") = "ShoppingCart.API", "Services\ShoppingCart\ShoppingCart.API\ShoppingCart.API.csproj", "{ED5B01DF-9339-4416-812B-FEA53C234A87}"
EndProject
Project("{E53339B2-1760-4266-BCC7-CA923CBCF16C}") = "docker-compose", "docker-compose.dcproj", "{7EC41A92-4C03-4015-A8E7-9BCF98D06B6B}"
EndProject
Project("{9A19103F-16F7-4668-BE54-9A1E7A4F7556}") = "ShoppingCart.Domain", "Services\ShoppingCart\ShoppingCart.Domain\ShoppingCart.Domain.csproj", "{52AA49A3-DFA3-414C-AD00-6FE5FB799FBC}"
EndProject
Project("{9A19103F-16F7-4668-BE54-9A1E7A4F7556}") = "ShoppingCart.Application", "Services\ShoppingCart\ShoppingCart.Application\ShoppingCart.Application.csproj", "{D8F636BB-C7FD-475A-A4BD-2C404ECEFC3F}"
EndProject
Project("{9A19103F-16F7-4668-BE54-9A1E7A4F7556}") = "ShoppingCart.Infrastructure", "Services\ShoppingCart\ShoppingCart.Infrastructure\ShoppingCart.Infrastructure.csproj", "{F8CF5454-CBCE-41DF-BEB7-F1C888217010}"
EndProject
Project("{2150E333-8FDC-42A3-9474-1A3956D46DE8}") = "Discount", "Discount", "{B2F7B2F0-44A6-4F70-ADAA-890E8A404AE4}"
EndProject
Project("{9A19103F-16F7-4668-BE54-9A1E7A4F7556}") = "Discount.API", "Services\Discount\Discount.API\Discount.API.csproj", "{F195AEA7-9F1A-4477-B792-6AA7D3C97323}"
EndProject
Project("{9A19103F-16F7-4668-BE54-9A1E7A4F7556}") = "Discount.Domain", "Services\Discount\Discount.Domain\Discount.Domain.csproj", "{188EA6A9-7B02-46F6-96BF-1633ADC69BE8}"
EndProject
Project("{9A19103F-16F7-4668-BE54-9A1E7A4F7556}") = "Discount.Application", "Services\Discount\Discount.Application\Discount.Application.csproj", "{3DA477F5-AE77-4E0B-85DD-20BCEA2F0035}"
EndProject
Project("{9A19103F-16F7-4668-BE54-9A1E7A4F7556}") = "Discount.Infrastructure", "Services\Discount\Discount.Infrastructure\Discount.Infrastructure.csproj", "{69D2E528-23AE-4615-A94B-70B435B4C913}"
EndProject
Project("{2150E333-8FDC-42A3-9474-1A3956D46DE8}") = "CommonBlocks", "CommonBlocks", "{DD04FEFD-385E-4387-8593-2F3A01013172}"
EndProject
Project("{2150E333-8FDC-42A3-9474-1A3956D46DE8}") = "Identity", "Identity", "{88DF47FE-E887-4DB5-A76A-1B5EF7AF8A57}"
EndProject
Project("{2150E333-8FDC-42A3-9474-1A3956D46DE8}") = "APIGateway", "APIGateway", "{92B34DF9-E5AC-4420-92A1-D1754A5DA771}"
EndProject
Project("{9A19103F-16F7-4668-BE54-9A1E7A4F7556}") = "OcelotGateway", "APIGateway\OcelotGateway\OcelotGateway.csproj", "{C442886C-D489-4D09-BB80-C4AE875B339C}"
EndProject
Project("{9A19103F-16F7-4668-BE54-9A1E7A4F7556}") = "JwtSetup", "CommonBlocks\JwtSetup\JwtSetup.csproj", "{F8018B6B-9E45-4EC1-B625-057910BAD89F}"
EndProject
Project("{9A19103F-16F7-4668-BE54-9A1E7A4F7556}") = "Identity.API", "Services\Identity\Identity.API\Identity.API.csproj", "{C6EFA5B3-A752-415B-9D9A-62FC8026EB15}"
EndProject
Project("{9A19103F-16F7-4668-BE54-9A1E7A4F7556}") = "Identity.Domain", "Services\Identity\Identity.Domain\Identity.Domain.csproj", "{267FBBA1-D133-41F0-B0E3-85BD9349DAD8}"
EndProject
Project("{9A19103F-16F7-4668-BE54-9A1E7A4F7556}") = "Identity.Infrastructure", "Services\Identity\Identity.Infrastructure\Identity.Infrastructure.csproj", "{A8A6530F-7103-4150-AE03-95FEB6D11B4A}"
EndProject
Project("{9A19103F-16F7-4668-BE54-9A1E7A4F7556}") = "Identity.Application", "Services\Identity\Identity.Application\Identity.Application.csproj", "{C1840A8D-DD4E-4C83-8149-17B282C872C5}"
EndProject
Project("{2150E333-8FDC-42A3-9474-1A3956D46DE8}") = "Payment", "Payment", "{5D3B63BB-EBE6-4AAD-9F0F-A7B4049BD4BF}"
EndProject
Project("{FAE04EC0-301F-11D3-BF4B-00C04F79EFBC}") = "Payment.API", "Services\Payment\Payment.API\Payment.API.csproj", "{82B22DBC-85D0-45A1-BB91-FB2FF02C3963}"
EndProject
Project("{FAE04EC0-301F-11D3-BF4B-00C04F79EFBC}") = "Payment.Domain", "Services\Payment\Payment.Domain\Payment.Domain.csproj", "{F86BF8D6-13EE-476E-9188-F69D41B27FB2}"
EndProject
Project("{FAE04EC0-301F-11D3-BF4B-00C04F79EFBC}") = "Payment.Application", "Services\Payment\Payment.Application\Payment.Application.csproj", "{979717D2-7D3F-471F-AA26-4BD0A3A77FAA}"
EndProject
Project("{FAE04EC0-301F-11D3-BF4B-00C04F79EFBC}") = "Payment.Infrastructure", "Services\Payment\Payment.Infrastructure\Payment.Infrastructure.csproj", "{F3539975-D8C7-4648-A05A-6749428D9FD1}"
EndProject
Project("{FAE04EC0-301F-11D3-BF4B-00C04F79EFBC}") = "GrpcServer", "Services\Discount\GrpcServer\GrpcServer.csproj", "{F021ED33-2962-4A6F-AFCE-9C1EFD0979B7}"
EndProject
Project("{FAE04EC0-301F-11D3-BF4B-00C04F79EFBC}") = "ServiceBus", "CommonBlocks\ServiceBus\ServiceBus.csproj", "{483D5580-38F2-4EA5-9CCA-4BA9B7225575}"
EndProject
Global
	GlobalSection(SolutionConfigurationPlatforms) = preSolution
		Debug|Any CPU = Debug|Any CPU
		Release|Any CPU = Release|Any CPU
	EndGlobalSection
	GlobalSection(ProjectConfigurationPlatforms) = postSolution
		{74E8D4D8-252F-4F68-AAAC-D4EDAC426427}.Debug|Any CPU.ActiveCfg = Debug|Any CPU
		{74E8D4D8-252F-4F68-AAAC-D4EDAC426427}.Debug|Any CPU.Build.0 = Debug|Any CPU
		{74E8D4D8-252F-4F68-AAAC-D4EDAC426427}.Release|Any CPU.ActiveCfg = Release|Any CPU
		{74E8D4D8-252F-4F68-AAAC-D4EDAC426427}.Release|Any CPU.Build.0 = Release|Any CPU
		{0FF58911-C6ED-4616-94CC-0A184EA9BEED}.Debug|Any CPU.ActiveCfg = Debug|Any CPU
		{0FF58911-C6ED-4616-94CC-0A184EA9BEED}.Debug|Any CPU.Build.0 = Debug|Any CPU
		{0FF58911-C6ED-4616-94CC-0A184EA9BEED}.Release|Any CPU.ActiveCfg = Release|Any CPU
		{0FF58911-C6ED-4616-94CC-0A184EA9BEED}.Release|Any CPU.Build.0 = Release|Any CPU
		{66E20EFD-AAEA-4123-A3BF-E763432DB13F}.Debug|Any CPU.ActiveCfg = Debug|Any CPU
		{66E20EFD-AAEA-4123-A3BF-E763432DB13F}.Debug|Any CPU.Build.0 = Debug|Any CPU
		{66E20EFD-AAEA-4123-A3BF-E763432DB13F}.Release|Any CPU.ActiveCfg = Release|Any CPU
		{66E20EFD-AAEA-4123-A3BF-E763432DB13F}.Release|Any CPU.Build.0 = Release|Any CPU
		{D8401B50-0938-4F35-88C9-36E66092BA9A}.Debug|Any CPU.ActiveCfg = Debug|Any CPU
		{D8401B50-0938-4F35-88C9-36E66092BA9A}.Debug|Any CPU.Build.0 = Debug|Any CPU
		{D8401B50-0938-4F35-88C9-36E66092BA9A}.Release|Any CPU.ActiveCfg = Release|Any CPU
		{D8401B50-0938-4F35-88C9-36E66092BA9A}.Release|Any CPU.Build.0 = Release|Any CPU
		{ED5B01DF-9339-4416-812B-FEA53C234A87}.Debug|Any CPU.ActiveCfg = Debug|Any CPU
		{ED5B01DF-9339-4416-812B-FEA53C234A87}.Debug|Any CPU.Build.0 = Debug|Any CPU
		{ED5B01DF-9339-4416-812B-FEA53C234A87}.Release|Any CPU.ActiveCfg = Release|Any CPU
		{ED5B01DF-9339-4416-812B-FEA53C234A87}.Release|Any CPU.Build.0 = Release|Any CPU
		{7EC41A92-4C03-4015-A8E7-9BCF98D06B6B}.Debug|Any CPU.ActiveCfg = Debug|Any CPU
		{7EC41A92-4C03-4015-A8E7-9BCF98D06B6B}.Debug|Any CPU.Build.0 = Debug|Any CPU
		{7EC41A92-4C03-4015-A8E7-9BCF98D06B6B}.Release|Any CPU.ActiveCfg = Release|Any CPU
		{7EC41A92-4C03-4015-A8E7-9BCF98D06B6B}.Release|Any CPU.Build.0 = Release|Any CPU
		{52AA49A3-DFA3-414C-AD00-6FE5FB799FBC}.Debug|Any CPU.ActiveCfg = Debug|Any CPU
		{52AA49A3-DFA3-414C-AD00-6FE5FB799FBC}.Debug|Any CPU.Build.0 = Debug|Any CPU
		{52AA49A3-DFA3-414C-AD00-6FE5FB799FBC}.Release|Any CPU.ActiveCfg = Release|Any CPU
		{52AA49A3-DFA3-414C-AD00-6FE5FB799FBC}.Release|Any CPU.Build.0 = Release|Any CPU
		{D8F636BB-C7FD-475A-A4BD-2C404ECEFC3F}.Debug|Any CPU.ActiveCfg = Debug|Any CPU
		{D8F636BB-C7FD-475A-A4BD-2C404ECEFC3F}.Debug|Any CPU.Build.0 = Debug|Any CPU
		{D8F636BB-C7FD-475A-A4BD-2C404ECEFC3F}.Release|Any CPU.ActiveCfg = Release|Any CPU
		{D8F636BB-C7FD-475A-A4BD-2C404ECEFC3F}.Release|Any CPU.Build.0 = Release|Any CPU
		{F8CF5454-CBCE-41DF-BEB7-F1C888217010}.Debug|Any CPU.ActiveCfg = Debug|Any CPU
		{F8CF5454-CBCE-41DF-BEB7-F1C888217010}.Debug|Any CPU.Build.0 = Debug|Any CPU
		{F8CF5454-CBCE-41DF-BEB7-F1C888217010}.Release|Any CPU.ActiveCfg = Release|Any CPU
		{F8CF5454-CBCE-41DF-BEB7-F1C888217010}.Release|Any CPU.Build.0 = Release|Any CPU
		{F195AEA7-9F1A-4477-B792-6AA7D3C97323}.Debug|Any CPU.ActiveCfg = Debug|Any CPU
		{F195AEA7-9F1A-4477-B792-6AA7D3C97323}.Debug|Any CPU.Build.0 = Debug|Any CPU
		{F195AEA7-9F1A-4477-B792-6AA7D3C97323}.Release|Any CPU.ActiveCfg = Release|Any CPU
		{F195AEA7-9F1A-4477-B792-6AA7D3C97323}.Release|Any CPU.Build.0 = Release|Any CPU
		{188EA6A9-7B02-46F6-96BF-1633ADC69BE8}.Debug|Any CPU.ActiveCfg = Debug|Any CPU
		{188EA6A9-7B02-46F6-96BF-1633ADC69BE8}.Debug|Any CPU.Build.0 = Debug|Any CPU
		{188EA6A9-7B02-46F6-96BF-1633ADC69BE8}.Release|Any CPU.ActiveCfg = Release|Any CPU
		{188EA6A9-7B02-46F6-96BF-1633ADC69BE8}.Release|Any CPU.Build.0 = Release|Any CPU
		{3DA477F5-AE77-4E0B-85DD-20BCEA2F0035}.Debug|Any CPU.ActiveCfg = Debug|Any CPU
		{3DA477F5-AE77-4E0B-85DD-20BCEA2F0035}.Debug|Any CPU.Build.0 = Debug|Any CPU
		{3DA477F5-AE77-4E0B-85DD-20BCEA2F0035}.Release|Any CPU.ActiveCfg = Release|Any CPU
		{3DA477F5-AE77-4E0B-85DD-20BCEA2F0035}.Release|Any CPU.Build.0 = Release|Any CPU
		{69D2E528-23AE-4615-A94B-70B435B4C913}.Debug|Any CPU.ActiveCfg = Debug|Any CPU
		{69D2E528-23AE-4615-A94B-70B435B4C913}.Debug|Any CPU.Build.0 = Debug|Any CPU
		{69D2E528-23AE-4615-A94B-70B435B4C913}.Release|Any CPU.ActiveCfg = Release|Any CPU
		{69D2E528-23AE-4615-A94B-70B435B4C913}.Release|Any CPU.Build.0 = Release|Any CPU
		{C442886C-D489-4D09-BB80-C4AE875B339C}.Debug|Any CPU.ActiveCfg = Debug|Any CPU
		{C442886C-D489-4D09-BB80-C4AE875B339C}.Debug|Any CPU.Build.0 = Debug|Any CPU
		{C442886C-D489-4D09-BB80-C4AE875B339C}.Release|Any CPU.ActiveCfg = Release|Any CPU
		{C442886C-D489-4D09-BB80-C4AE875B339C}.Release|Any CPU.Build.0 = Release|Any CPU
		{F8018B6B-9E45-4EC1-B625-057910BAD89F}.Debug|Any CPU.ActiveCfg = Debug|Any CPU
		{F8018B6B-9E45-4EC1-B625-057910BAD89F}.Debug|Any CPU.Build.0 = Debug|Any CPU
		{F8018B6B-9E45-4EC1-B625-057910BAD89F}.Release|Any CPU.ActiveCfg = Release|Any CPU
		{F8018B6B-9E45-4EC1-B625-057910BAD89F}.Release|Any CPU.Build.0 = Release|Any CPU
		{C6EFA5B3-A752-415B-9D9A-62FC8026EB15}.Debug|Any CPU.ActiveCfg = Debug|Any CPU
		{C6EFA5B3-A752-415B-9D9A-62FC8026EB15}.Debug|Any CPU.Build.0 = Debug|Any CPU
		{C6EFA5B3-A752-415B-9D9A-62FC8026EB15}.Release|Any CPU.ActiveCfg = Release|Any CPU
		{C6EFA5B3-A752-415B-9D9A-62FC8026EB15}.Release|Any CPU.Build.0 = Release|Any CPU
		{267FBBA1-D133-41F0-B0E3-85BD9349DAD8}.Debug|Any CPU.ActiveCfg = Debug|Any CPU
		{267FBBA1-D133-41F0-B0E3-85BD9349DAD8}.Debug|Any CPU.Build.0 = Debug|Any CPU
		{267FBBA1-D133-41F0-B0E3-85BD9349DAD8}.Release|Any CPU.ActiveCfg = Release|Any CPU
		{267FBBA1-D133-41F0-B0E3-85BD9349DAD8}.Release|Any CPU.Build.0 = Release|Any CPU
		{A8A6530F-7103-4150-AE03-95FEB6D11B4A}.Debug|Any CPU.ActiveCfg = Debug|Any CPU
		{A8A6530F-7103-4150-AE03-95FEB6D11B4A}.Debug|Any CPU.Build.0 = Debug|Any CPU
		{A8A6530F-7103-4150-AE03-95FEB6D11B4A}.Release|Any CPU.ActiveCfg = Release|Any CPU
		{A8A6530F-7103-4150-AE03-95FEB6D11B4A}.Release|Any CPU.Build.0 = Release|Any CPU
		{C1840A8D-DD4E-4C83-8149-17B282C872C5}.Debug|Any CPU.ActiveCfg = Debug|Any CPU
		{C1840A8D-DD4E-4C83-8149-17B282C872C5}.Debug|Any CPU.Build.0 = Debug|Any CPU
		{C1840A8D-DD4E-4C83-8149-17B282C872C5}.Release|Any CPU.ActiveCfg = Release|Any CPU
		{C1840A8D-DD4E-4C83-8149-17B282C872C5}.Release|Any CPU.Build.0 = Release|Any CPU
		{82B22DBC-85D0-45A1-BB91-FB2FF02C3963}.Debug|Any CPU.ActiveCfg = Debug|Any CPU
		{82B22DBC-85D0-45A1-BB91-FB2FF02C3963}.Debug|Any CPU.Build.0 = Debug|Any CPU
		{82B22DBC-85D0-45A1-BB91-FB2FF02C3963}.Release|Any CPU.ActiveCfg = Release|Any CPU
		{82B22DBC-85D0-45A1-BB91-FB2FF02C3963}.Release|Any CPU.Build.0 = Release|Any CPU
		{F86BF8D6-13EE-476E-9188-F69D41B27FB2}.Debug|Any CPU.ActiveCfg = Debug|Any CPU
		{F86BF8D6-13EE-476E-9188-F69D41B27FB2}.Debug|Any CPU.Build.0 = Debug|Any CPU
		{F86BF8D6-13EE-476E-9188-F69D41B27FB2}.Release|Any CPU.ActiveCfg = Release|Any CPU
		{F86BF8D6-13EE-476E-9188-F69D41B27FB2}.Release|Any CPU.Build.0 = Release|Any CPU
		{979717D2-7D3F-471F-AA26-4BD0A3A77FAA}.Debug|Any CPU.ActiveCfg = Debug|Any CPU
		{979717D2-7D3F-471F-AA26-4BD0A3A77FAA}.Debug|Any CPU.Build.0 = Debug|Any CPU
		{979717D2-7D3F-471F-AA26-4BD0A3A77FAA}.Release|Any CPU.ActiveCfg = Release|Any CPU
		{979717D2-7D3F-471F-AA26-4BD0A3A77FAA}.Release|Any CPU.Build.0 = Release|Any CPU
		{F3539975-D8C7-4648-A05A-6749428D9FD1}.Debug|Any CPU.ActiveCfg = Debug|Any CPU
		{F3539975-D8C7-4648-A05A-6749428D9FD1}.Debug|Any CPU.Build.0 = Debug|Any CPU
		{F3539975-D8C7-4648-A05A-6749428D9FD1}.Release|Any CPU.ActiveCfg = Release|Any CPU
		{F3539975-D8C7-4648-A05A-6749428D9FD1}.Release|Any CPU.Build.0 = Release|Any CPU
		{F021ED33-2962-4A6F-AFCE-9C1EFD0979B7}.Debug|Any CPU.ActiveCfg = Debug|Any CPU
		{F021ED33-2962-4A6F-AFCE-9C1EFD0979B7}.Debug|Any CPU.Build.0 = Debug|Any CPU
		{F021ED33-2962-4A6F-AFCE-9C1EFD0979B7}.Release|Any CPU.ActiveCfg = Release|Any CPU
		{F021ED33-2962-4A6F-AFCE-9C1EFD0979B7}.Release|Any CPU.Build.0 = Release|Any CPU
		{483D5580-38F2-4EA5-9CCA-4BA9B7225575}.Debug|Any CPU.ActiveCfg = Debug|Any CPU
		{483D5580-38F2-4EA5-9CCA-4BA9B7225575}.Debug|Any CPU.Build.0 = Debug|Any CPU
		{483D5580-38F2-4EA5-9CCA-4BA9B7225575}.Release|Any CPU.ActiveCfg = Release|Any CPU
		{483D5580-38F2-4EA5-9CCA-4BA9B7225575}.Release|Any CPU.Build.0 = Release|Any CPU
	EndGlobalSection
	GlobalSection(SolutionProperties) = preSolution
		HideSolutionNode = FALSE
	EndGlobalSection
	GlobalSection(NestedProjects) = preSolution
		{727C445C-AB67-40A7-8D0E-1DA787AAF85F} = {608E9ACF-C993-413B-A8E7-3F0E8D059CB9}
		{74E8D4D8-252F-4F68-AAAC-D4EDAC426427} = {727C445C-AB67-40A7-8D0E-1DA787AAF85F}
		{0FF58911-C6ED-4616-94CC-0A184EA9BEED} = {727C445C-AB67-40A7-8D0E-1DA787AAF85F}
		{66E20EFD-AAEA-4123-A3BF-E763432DB13F} = {727C445C-AB67-40A7-8D0E-1DA787AAF85F}
		{D8401B50-0938-4F35-88C9-36E66092BA9A} = {727C445C-AB67-40A7-8D0E-1DA787AAF85F}
		{A0845301-0C5B-4426-A765-DE07105AC69E} = {608E9ACF-C993-413B-A8E7-3F0E8D059CB9}
		{ED5B01DF-9339-4416-812B-FEA53C234A87} = {A0845301-0C5B-4426-A765-DE07105AC69E}
		{52AA49A3-DFA3-414C-AD00-6FE5FB799FBC} = {A0845301-0C5B-4426-A765-DE07105AC69E}
		{D8F636BB-C7FD-475A-A4BD-2C404ECEFC3F} = {A0845301-0C5B-4426-A765-DE07105AC69E}
		{F8CF5454-CBCE-41DF-BEB7-F1C888217010} = {A0845301-0C5B-4426-A765-DE07105AC69E}
		{B2F7B2F0-44A6-4F70-ADAA-890E8A404AE4} = {608E9ACF-C993-413B-A8E7-3F0E8D059CB9}
		{F195AEA7-9F1A-4477-B792-6AA7D3C97323} = {B2F7B2F0-44A6-4F70-ADAA-890E8A404AE4}
		{188EA6A9-7B02-46F6-96BF-1633ADC69BE8} = {B2F7B2F0-44A6-4F70-ADAA-890E8A404AE4}
		{3DA477F5-AE77-4E0B-85DD-20BCEA2F0035} = {B2F7B2F0-44A6-4F70-ADAA-890E8A404AE4}
		{69D2E528-23AE-4615-A94B-70B435B4C913} = {B2F7B2F0-44A6-4F70-ADAA-890E8A404AE4}
		{88DF47FE-E887-4DB5-A76A-1B5EF7AF8A57} = {608E9ACF-C993-413B-A8E7-3F0E8D059CB9}
		{C442886C-D489-4D09-BB80-C4AE875B339C} = {92B34DF9-E5AC-4420-92A1-D1754A5DA771}
		{F8018B6B-9E45-4EC1-B625-057910BAD89F} = {DD04FEFD-385E-4387-8593-2F3A01013172}
		{C6EFA5B3-A752-415B-9D9A-62FC8026EB15} = {88DF47FE-E887-4DB5-A76A-1B5EF7AF8A57}
		{267FBBA1-D133-41F0-B0E3-85BD9349DAD8} = {88DF47FE-E887-4DB5-A76A-1B5EF7AF8A57}
		{A8A6530F-7103-4150-AE03-95FEB6D11B4A} = {88DF47FE-E887-4DB5-A76A-1B5EF7AF8A57}
		{C1840A8D-DD4E-4C83-8149-17B282C872C5} = {88DF47FE-E887-4DB5-A76A-1B5EF7AF8A57}
		{5D3B63BB-EBE6-4AAD-9F0F-A7B4049BD4BF} = {608E9ACF-C993-413B-A8E7-3F0E8D059CB9}
		{82B22DBC-85D0-45A1-BB91-FB2FF02C3963} = {5D3B63BB-EBE6-4AAD-9F0F-A7B4049BD4BF}
		{F86BF8D6-13EE-476E-9188-F69D41B27FB2} = {5D3B63BB-EBE6-4AAD-9F0F-A7B4049BD4BF}
		{979717D2-7D3F-471F-AA26-4BD0A3A77FAA} = {5D3B63BB-EBE6-4AAD-9F0F-A7B4049BD4BF}
		{F3539975-D8C7-4648-A05A-6749428D9FD1} = {5D3B63BB-EBE6-4AAD-9F0F-A7B4049BD4BF}
		{F021ED33-2962-4A6F-AFCE-9C1EFD0979B7} = {B2F7B2F0-44A6-4F70-ADAA-890E8A404AE4}
		{483D5580-38F2-4EA5-9CCA-4BA9B7225575} = {DD04FEFD-385E-4387-8593-2F3A01013172}
	EndGlobalSection
	GlobalSection(ExtensibilityGlobals) = postSolution
		SolutionGuid = {188F6F37-45F8-444E-9276-701A4CC55251}
	EndGlobalSection
EndGlobal
